
Microsoft Visual Studio Solution File, Format Version 12.00
# Visual Studio 2012
Project("{FAE04EC0-301F-11D3-BF4B-00C04F79EFBC}") = "ix-uploader", "src\ix-uploader.csproj", "{3EC58B39-0FF0-47D1-A698-79E70C67F263}"
EndProject
Global
	GlobalSection(SolutionConfigurationPlatforms) = preSolution
		Debug|Any CPU = Debug|Any CPU
		Release|Any CPU = Release|Any CPU
	EndGlobalSection
	GlobalSection(ProjectConfigurationPlatforms) = postSolution
		{3EC58B39-0FF0-47D1-A698-79E70C67F263}.Debug|Any CPU.ActiveCfg = Debug|Any CPU
		{3EC58B39-0FF0-47D1-A698-79E70C67F263}.Debug|Any CPU.Build.0 = Debug|Any CPU
		{3EC58B39-0FF0-47D1-A698-79E70C67F263}.Release|Any CPU.ActiveCfg = Release|Any CPU
		{3EC58B39-0FF0-47D1-A698-79E70C67F263}.Release|Any CPU.Build.0 = Release|Any CPU
	EndGlobalSection
	GlobalSection(SolutionProperties) = preSolution
		HideSolutionNode = FALSE
	EndGlobalSection
EndGlobal
